{
  "name": "@krakenloop/memory",
  "version": "0.1.0",
  "lockfileVersion": 3,
  "requires": true,
  "packages": {
    "": {
      "name": "@krakenloop/memory",
      "version": "0.1.0",
      "dependencies": {
        "@electric-sql/pglite": "0.5.4",
        "zod": "3.25.76"
      },
      "bin": {
        "mem": "bin/mem.mjs"
      },
      "engines": {
        "node": ">=20.11.0 <23"
      }
    },
    "node_modules/@electric-sql/pglite": {
      "version": "0.5.4",
      "resolved": "https://registry.npmjs.org/@electric-sql/pglite/-/pglite-0.5.4.tgz",
      "integrity": "sha512-yYZUyyXrHU7tPlCjwZQJ6hIG9DscdCCn7Uk0mYKwC1FeHX286AbcmFveMiRBEak8e9iPupjsoVImN3yJZVed2g=="
    },
    "node_modules/zod": {
      "version": "3.25.76",
      "resolved": "https://registry.npmjs.org/zod/-/zod-3.25.76.tgz",
      "integrity": "sha512-gzUt/qt81nXsFGKIFcC3YnfEAx5NkunCfnDlvuBSSFS02bcXu4Lmea0AFIUwbLWxWPx3d9p8S5QoaujKcNQxcQ==",
      "funding": {
        "url": "https://github.com/sponsors/colinhacks"
      }
    }
  }
}
